
Microsoft Visual Studio Solution File, Format Version 12.00
# Visual Studio Version 16
VisualStudioVersion = 16.0.29728.190
MinimumVisualStudioVersion = 10.0.40219.1
Project("{FAE04EC0-301F-11D3-BF4B-00C04F79EFBC}") = "orarend", "orarend\orarend.csproj", "{C75DBFC9-0993-4175-8556-C2AE06D4B474}"
EndProject
Global
	GlobalSection(SolutionConfigurationPlatforms) = preSolution
		Debug|Any CPU = Debug|Any CPU
		Release|Any CPU = Release|Any CPU
	EndGlobalSection
	GlobalSection(ProjectConfigurationPlatforms) = postSolution
		{C75DBFC9-0993-4175-8556-C2AE06D4B474}.Debug|Any CPU.ActiveCfg = Debug|Any CPU
		{C75DBFC9-0993-4175-8556-C2AE06D4B474}.Debug|Any CPU.Build.0 = Debug|Any CPU
		{C75DBFC9-0993-4175-8556-C2AE06D4B474}.Release|Any CPU.ActiveCfg = Release|Any CPU
		{C75DBFC9-0993-4175-8556-C2AE06D4B474}.Release|Any CPU.Build.0 = Release|Any CPU
	EndGlobalSection
	GlobalSection(SolutionProperties) = preSolution
		HideSolutionNode = FALSE
	EndGlobalSection
	GlobalSection(ExtensibilityGlobals) = postSolution
		SolutionGuid = {562B3361-5BBB-4DAD-8800-B6B3E33A6F92}
	EndGlobalSection
EndGlobal
